
Microsoft Visual Studio Solution File, Format Version 12.00
# Visual Studio 14
VisualStudioVersion = 14.0.25420.1
MinimumVisualStudioVersion = 10.0.40219.1
Project("{8BC9CEB8-8B4A-11D0-8D11-00A0C91BC942}") = "ZS_Main", "ZS_Main\ZS_Main.vcxproj", "{35C15D9E-1DFF-4E50-A7D9-AB860503FBD0}"
EndProject
Project("{8BC9CEB8-8B4A-11D0-8D11-00A0C91BC942}") = "OgreHlmsInk", "..\..\..\SDK\build\Components\Hlms\Ink\OgreHlmsInk.vcxproj", "{BAFC7A3D-2109-3F46-8961-D9DA69086585}"
EndProject
Project("{8BC9CEB8-8B4A-11D0-8D11-00A0C91BC942}") = "INSTALL", "..\..\..\SDK\build\Components\Hlms\Ink\INSTALL.vcxproj", "{75E18EA5-52AD-3455-A4D2-A28EE6A3E4D7}"
EndProject
Global
	GlobalSection(SolutionConfigurationPlatforms) = preSolution
		Debug|x64 = Debug|x64
		Debug|x86 = Debug|x86
		MinSizeRel|x64 = MinSizeRel|x64
		MinSizeRel|x86 = MinSizeRel|x86
		Release|x64 = Release|x64
		Release|x86 = Release|x86
		RelWithDebInfo|x64 = RelWithDebInfo|x64
		RelWithDebInfo|x86 = RelWithDebInfo|x86
	EndGlobalSection
	GlobalSection(ProjectConfigurationPlatforms) = postSolution
		{35C15D9E-1DFF-4E50-A7D9-AB860503FBD0}.Debug|x64.ActiveCfg = Debug|x64
		{35C15D9E-1DFF-4E50-A7D9-AB860503FBD0}.Debug|x64.Build.0 = Debug|x64
		{35C15D9E-1DFF-4E50-A7D9-AB860503FBD0}.Debug|x86.ActiveCfg = Debug|Win32
		{35C15D9E-1DFF-4E50-A7D9-AB860503FBD0}.Debug|x86.Build.0 = Debug|Win32
		{35C15D9E-1DFF-4E50-A7D9-AB860503FBD0}.MinSizeRel|x64.ActiveCfg = Release|x64
		{35C15D9E-1DFF-4E50-A7D9-AB860503FBD0}.MinSizeRel|x64.Build.0 = Release|x64
		{35C15D9E-1DFF-4E50-A7D9-AB860503FBD0}.MinSizeRel|x86.ActiveCfg = Release|Win32
		{35C15D9E-1DFF-4E50-A7D9-AB860503FBD0}.MinSizeRel|x86.Build.0 = Release|Win32
		{35C15D9E-1DFF-4E50-A7D9-AB860503FBD0}.Release|x64.ActiveCfg = Release|x64
		{35C15D9E-1DFF-4E50-A7D9-AB860503FBD0}.Release|x64.Build.0 = Release|x64
		{35C15D9E-1DFF-4E50-A7D9-AB860503FBD0}.Release|x86.ActiveCfg = Release|Win32
		{35C15D9E-1DFF-4E50-A7D9-AB860503FBD0}.Release|x86.Build.0 = Release|Win32
		{35C15D9E-1DFF-4E50-A7D9-AB860503FBD0}.RelWithDebInfo|x64.ActiveCfg = Release|x64
		{35C15D9E-1DFF-4E50-A7D9-AB860503FBD0}.RelWithDebInfo|x64.Build.0 = Release|x64
		{35C15D9E-1DFF-4E50-A7D9-AB860503FBD0}.RelWithDebInfo|x86.ActiveCfg = Release|Win32
		{35C15D9E-1DFF-4E50-A7D9-AB860503FBD0}.RelWithDebInfo|x86.Build.0 = Release|Win32
		{BAFC7A3D-2109-3F46-8961-D9DA69086585}.Debug|x64.ActiveCfg = Debug|Win32
		{BAFC7A3D-2109-3F46-8961-D9DA69086585}.Debug|x86.ActiveCfg = Debug|Win32
		{BAFC7A3D-2109-3F46-8961-D9DA69086585}.Debug|x86.Build.0 = Debug|Win32
		{BAFC7A3D-2109-3F46-8961-D9DA69086585}.MinSizeRel|x64.ActiveCfg = MinSizeRel|Win32
		{BAFC7A3D-2109-3F46-8961-D9DA69086585}.MinSizeRel|x86.ActiveCfg = MinSizeRel|Win32
		{BAFC7A3D-2109-3F46-8961-D9DA69086585}.MinSizeRel|x86.Build.0 = MinSizeRel|Win32
		{BAFC7A3D-2109-3F46-8961-D9DA69086585}.Release|x64.ActiveCfg = Release|Win32
		{BAFC7A3D-2109-3F46-8961-D9DA69086585}.Release|x86.ActiveCfg = Release|Win32
		{BAFC7A3D-2109-3F46-8961-D9DA69086585}.Release|x86.Build.0 = Release|Win32
		{BAFC7A3D-2109-3F46-8961-D9DA69086585}.RelWithDebInfo|x64.ActiveCfg = RelWithDebInfo|Win32
		{BAFC7A3D-2109-3F46-8961-D9DA69086585}.RelWithDebInfo|x86.ActiveCfg = RelWithDebInfo|Win32
		{BAFC7A3D-2109-3F46-8961-D9DA69086585}.RelWithDebInfo|x86.Build.0 = RelWithDebInfo|Win32
		{75E18EA5-52AD-3455-A4D2-A28EE6A3E4D7}.Debug|x64.ActiveCfg = Debug|Win32
		{75E18EA5-52AD-3455-A4D2-A28EE6A3E4D7}.Debug|x86.ActiveCfg = Debug|Win32
		{75E18EA5-52AD-3455-A4D2-A28EE6A3E4D7}.Debug|x86.Build.0 = Debug|Win32
		{75E18EA5-52AD-3455-A4D2-A28EE6A3E4D7}.MinSizeRel|x64.ActiveCfg = MinSizeRel|Win32
		{75E18EA5-52AD-3455-A4D2-A28EE6A3E4D7}.MinSizeRel|x86.ActiveCfg = MinSizeRel|Win32
		{75E18EA5-52AD-3455-A4D2-A28EE6A3E4D7}.MinSizeRel|x86.Build.0 = MinSizeRel|Win32
		{75E18EA5-52AD-3455-A4D2-A28EE6A3E4D7}.Release|x64.ActiveCfg = Release|Win32
		{75E18EA5-52AD-3455-A4D2-A28EE6A3E4D7}.Release|x86.ActiveCfg = Release|Win32
		{75E18EA5-52AD-3455-A4D2-A28EE6A3E4D7}.Release|x86.Build.0 = Release|Win32
		{75E18EA5-52AD-3455-A4D2-A28EE6A3E4D7}.RelWithDebInfo|x64.ActiveCfg = RelWithDebInfo|Win32
		{75E18EA5-52AD-3455-A4D2-A28EE6A3E4D7}.RelWithDebInfo|x86.ActiveCfg = RelWithDebInfo|Win32
		{75E18EA5-52AD-3455-A4D2-A28EE6A3E4D7}.RelWithDebInfo|x86.Build.0 = RelWithDebInfo|Win32
	EndGlobalSection
	GlobalSection(SolutionProperties) = preSolution
		HideSolutionNode = FALSE
	EndGlobalSection
EndGlobal
